{
  "name": "voniweb-promo-reel",
  "version": "1.0.0",
  "lockfileVersion": 3,
  "requires": true,
  "packages": {
    "": {
      "name": "voniweb-promo-reel",
      "version": "1.0.0",
      "dependencies": {
        "@fontsource/caveat": "^5.3.0",
        "@fontsource/instrument-serif": "^5.3.0",
        "@fontsource/inter-tight": "^5.3.0",
        "@fontsource/jetbrains-mono": "^5.3.0",
        "@fontsource/outfit": "^5.3.0",
        "@fontsource/syne": "^5.3.0",
        "gsap": "^3.15.0",
        "playwright-core": "^1.63.0"
      }
    },
    "node_modules/@fontsource/caveat": {
      "version": "5.3.0",
      "resolved": "https://registry.npmjs.org/@fontsource/caveat/-/caveat-5.3.0.tgz",
      "integrity": "sha512-eHTfzQxFSW9ABERRLNruHoNJmKed2J7pqTUc5lp4a4POMgXGKpxmWj3d9Hz10kmAg6iuTTLe6UagbA4bnsmfQw==",
      "license": "OFL-1.1",
      "funding": {
        "url": "https://github.com/sponsors/ayuhito"
      }
    },
    "node_modules/@fontsource/instrument-serif": {
      "version": "5.3.0",
      "resolved": "https://registry.npmjs.org/@fontsource/instrument-serif/-/instrument-serif-5.3.0.tgz",
      "integrity": "sha512-mDiaIg0u67sYV59fie92Wz4sM8UiVlbL7fLxnFPCKkX15DMASEnQTREbaP5S5/3DCcsoAOcQ0sV9E4AeY4QqYQ==",
      "license": "OFL-1.1",
      "funding": {
        "url": "https://github.com/sponsors/ayuhito"
      }
    },
    "node_modules/@fontsource/inter-tight": {
      "version": "5.3.0",
      "resolved": "https://registry.npmjs.org/@fontsource/inter-tight/-/inter-tight-5.3.0.tgz",
      "integrity": "sha512-uRwIrjKSUcCKIFeO2qm3yECA9phwge6Y1qQZvUmwqFgiIVWUELwwuq7pFlmlpPtO33ZtFQVOXQGNuvna1JPs6A==",
      "license": "OFL-1.1",
      "funding": {
        "url": "https://github.com/sponsors/ayuhito"
      }
    },
    "node_modules/@fontsource/jetbrains-mono": {
      "version": "5.3.0",
      "resolved": "https://registry.npmjs.org/@fontsource/jetbrains-mono/-/jetbrains-mono-5.3.0.tgz",
      "integrity": "sha512-fqDfB5I9f1p1TV486aUgB9t8zP84P0O1FtQR5Ol9vjwPy+S+EIGlVYm1cvj2W5shcZMTg2nZFdVMoH5wFu8a1A==",
      "license": "OFL-1.1",
      "funding": {
        "url": "https://github.com/sponsors/ayuhito"
      }
    },
    "node_modules/@fontsource/outfit": {
      "version": "5.3.0",
      "resolved": "https://registry.npmjs.org/@fontsource/outfit/-/outfit-5.3.0.tgz",
      "integrity": "sha512-0AVHzTTVJSxWDOxPKSfMeHhZeBFDU3cmgrcOb76ZEyhGo0+xgyG3GsLF3h9+X8w0IX7G4jzjJgFQEBiWdX6VgA==",
      "license": "OFL-1.1",
      "funding": {
        "url": "https://github.com/sponsors/ayuhito"
      }
    },
    "node_modules/@fontsource/syne": {
      "version": "5.3.0",
      "resolved": "https://registry.npmjs.org/@fontsource/syne/-/syne-5.3.0.tgz",
      "integrity": "sha512-kRWNVsrdYw+08I4EM1SYPe2JovdTzUI0kMVALVRsKmjRdkrVoun1qddSlDAglz5J9LbgUpJSkWmw6BYnmKdGuw==",
      "license": "OFL-1.1",
      "funding": {
        "url": "https://github.com/sponsors/ayuhito"
      }
    },
    "node_modules/gsap": {
      "version": "3.15.0",
      "resolved": "https://registry.npmjs.org/gsap/-/gsap-3.15.0.tgz",
      "integrity": "sha512-dMW4CWBTUK1AEEDeZc1g4xpPGIrSf9fJF960qbTZmN/QwZIWY5wgliS6JWl9/25fpTGJrMRtSjGtOmPnfjZB+A==",
      "license": "Standard 'no charge' license: https://gsap.com/standard-license."
    },
    "node_modules/playwright-core": {
      "version": "1.63.0",
      "resolved": "https://registry.npmjs.org/playwright-core/-/playwright-core-1.63.0.tgz",
      "integrity": "sha512-rYCsBF/M5HjUch52bbtVONEFjv6Xu8sm8h72dNlR5bzIE1fvC/bxgspzkjSfU+MweEMmPM8KJebG6nnyxo5mCg==",
      "license": "Apache-2.0",
      "bin": {
        "playwright-core": "cli.js"
      },
      "engines": {
        "node": ">=20"
      }
    }
  }
}
